
Microsoft Visual Studio Solution File, Format Version 12.00
# Visual Studio Version 17
VisualStudioVersion = 17.14.36401.2
MinimumVisualStudioVersion = 10.0.40219.1
Project("{FAE04EC0-301F-11D3-BF4B-00C04F79EFBC}") = "DevFreela.API", "DevFreela.API\DevFreela.API.csproj", "{EF540403-90AC-425F-8CBD-6AF849BCB092}"
EndProject
Project("{FAE04EC0-301F-11D3-BF4B-00C04F79EFBC}") = "DevFreela.Application", "DevFreela.Application\DevFreela.Application.csproj", "{91158D0B-268D-4E80-AC4D-EDE7945761E0}"
EndProject
Project("{FAE04EC0-301F-11D3-BF4B-00C04F79EFBC}") = "DevFreela.Infrastructure", "DevFreela.Infrastructure\DevFreela.Infrastructure.csproj", "{14262FBE-A4BE-4A6A-B80C-D2EA9C657506}"
EndProject
Project("{FAE04EC0-301F-11D3-BF4B-00C04F79EFBC}") = "DevFreela.Core", "DevFreela.Core\DevFreela.Core.csproj", "{90623D6C-3F5A-40B0-B6F0-B98DE4E6DDD1}"
EndProject
Project("{FAE04EC0-301F-11D3-BF4B-00C04F79EFBC}") = "DevFreela.Tests", "DevFreela.Tests\DevFreela.Tests.csproj", "{6AA14460-6CDA-479D-AD12-1DDF00612FF1}"
EndProject
Global
	GlobalSection(SolutionConfigurationPlatforms) = preSolution
		Debug|Any CPU = Debug|Any CPU
		Release|Any CPU = Release|Any CPU
	EndGlobalSection
	GlobalSection(ProjectConfigurationPlatforms) = postSolution
		{EF540403-90AC-425F-8CBD-6AF849BCB092}.Debug|Any CPU.ActiveCfg = Debug|Any CPU
		{EF540403-90AC-425F-8CBD-6AF849BCB092}.Debug|Any CPU.Build.0 = Debug|Any CPU
		{EF540403-90AC-425F-8CBD-6AF849BCB092}.Release|Any CPU.ActiveCfg = Release|Any CPU
		{EF540403-90AC-425F-8CBD-6AF849BCB092}.Release|Any CPU.Build.0 = Release|Any CPU
		{91158D0B-268D-4E80-AC4D-EDE7945761E0}.Debug|Any CPU.ActiveCfg = Debug|Any CPU
		{91158D0B-268D-4E80-AC4D-EDE7945761E0}.Debug|Any CPU.Build.0 = Debug|Any CPU
		{91158D0B-268D-4E80-AC4D-EDE7945761E0}.Release|Any CPU.ActiveCfg = Release|Any CPU
		{91158D0B-268D-4E80-AC4D-EDE7945761E0}.Release|Any CPU.Build.0 = Release|Any CPU
		{14262FBE-A4BE-4A6A-B80C-D2EA9C657506}.Debug|Any CPU.ActiveCfg = Debug|Any CPU
		{14262FBE-A4BE-4A6A-B80C-D2EA9C657506}.Debug|Any CPU.Build.0 = Debug|Any CPU
		{14262FBE-A4BE-4A6A-B80C-D2EA9C657506}.Release|Any CPU.ActiveCfg = Release|Any CPU
		{14262FBE-A4BE-4A6A-B80C-D2EA9C657506}.Release|Any CPU.Build.0 = Release|Any CPU
		{90623D6C-3F5A-40B0-B6F0-B98DE4E6DDD1}.Debug|Any CPU.ActiveCfg = Debug|Any CPU
		{90623D6C-3F5A-40B0-B6F0-B98DE4E6DDD1}.Debug|Any CPU.Build.0 = Debug|Any CPU
		{90623D6C-3F5A-40B0-B6F0-B98DE4E6DDD1}.Release|Any CPU.ActiveCfg = Release|Any CPU
		{90623D6C-3F5A-40B0-B6F0-B98DE4E6DDD1}.Release|Any CPU.Build.0 = Release|Any CPU
		{6AA14460-6CDA-479D-AD12-1DDF00612FF1}.Debug|Any CPU.ActiveCfg = Debug|Any CPU
		{6AA14460-6CDA-479D-AD12-1DDF00612FF1}.Debug|Any CPU.Build.0 = Debug|Any CPU
		{6AA14460-6CDA-479D-AD12-1DDF00612FF1}.Release|Any CPU.ActiveCfg = Release|Any CPU
		{6AA14460-6CDA-479D-AD12-1DDF00612FF1}.Release|Any CPU.Build.0 = Release|Any CPU
	EndGlobalSection
	GlobalSection(SolutionProperties) = preSolution
		HideSolutionNode = FALSE
	EndGlobalSection
	GlobalSection(ExtensibilityGlobals) = postSolution
		SolutionGuid = {C78DFB80-5056-4A8F-92D0-59ED0B4D84F6}
	EndGlobalSection
EndGlobal
